// !$*UTF8*$!
{
	archiveVersion = 1;
	classes = {
	};
	objectVersion = 46;
	objects = {

/* Begin PBXBuildFile section */
		9DBC3091164302F900F69154 /* style.css in Resources */ = {isa = PBXBuildFile; fileRef = 9DBC3090164302F900F69154 /* style.css */; };
		9DBC309716430BB000F69154 /* seekers.xml in Resources */ = {isa = PBXBuildFile; fileRef = 9DBC309416430BB000F69154 /* seekers.xml */; };
		9DBC309816430BB000F69154 /* laws.xml in Resources */ = {isa = PBXBuildFile; fileRef = 9DBC309516430BB000F69154 /* laws.xml */; };
		9DBC309916430BB000F69154 /* holders.xml in Resources */ = {isa = PBXBuildFile; fileRef = 9DBC309616430BB000F69154 /* holders.xml */; };
		9DC2316B1604F167009C5B34 /* UIKit.framework in Frameworks */ = {isa = PBXBuildFile; fileRef = 9DC2316A1604F167009C5B34 /* UIKit.framework */; };
		9DC2316D1604F167009C5B34 /* Foundation.framework in Frameworks */ = {isa = PBXBuildFile; fileRef = 9DC2316C1604F167009C5B34 /* Foundation.framework */; };
		9DC2316F1604F167009C5B34 /* CoreGraphics.framework in Frameworks */ = {isa = PBXBuildFile; fileRef = 9DC2316E1604F167009C5B34 /* CoreGraphics.framework */; };
		9DC231751604F167009C5B34 /* InfoPlist.strings in Resources */ = {isa = PBXBuildFile; fileRef = 9DC231731604F167009C5B34 /* InfoPlist.strings */; };
		9DC231771604F167009C5B34 /* main.m in Sources */ = {isa = PBXBuildFile; fileRef = 9DC231761604F167009C5B34 /* main.m */; };
		9DC2317B1604F167009C5B34 /* AppDelegate.m in Sources */ = {isa = PBXBuildFile; fileRef = 9DC2317A1604F167009C5B34 /* AppDelegate.m */; };
		9DC231831604F167009C5B34 /* SenTestingKit.framework in Frameworks */ = {isa = PBXBuildFile; fileRef = 9DC231821604F167009C5B34 /* SenTestingKit.framework */; };
		9DC231841604F167009C5B34 /* UIKit.framework in Frameworks */ = {isa = PBXBuildFile; fileRef = 9DC2316A1604F167009C5B34 /* UIKit.framework */; };
		9DC231851604F167009C5B34 /* Foundation.framework in Frameworks */ = {isa = PBXBuildFile; fileRef = 9DC2316C1604F167009C5B34 /* Foundation.framework */; };
		9DC2318D1604F167009C5B34 /* InfoPlist.strings in Resources */ = {isa = PBXBuildFile; fileRef = 9DC2318B1604F167009C5B34 /* InfoPlist.strings */; };
		9DC231901604F167009C5B34 /* SunshineTests.m in Sources */ = {isa = PBXBuildFile; fileRef = 9DC2318F1604F167009C5B34 /* SunshineTests.m */; };
		9DC2319E1604F345009C5B34 /* hours.txt in Resources */ = {isa = PBXBuildFile; fileRef = 9DC2319D1604F345009C5B34 /* hours.txt */; };
		9DC66A5E16383418001294B4 /* TestViewController.m in Sources */ = {isa = PBXBuildFile; fileRef = 9DC66A5D16383418001294B4 /* TestViewController.m */; };
		9DC66A6A16384107001294B4 /* HeaderViewController.m in Sources */ = {isa = PBXBuildFile; fileRef = 9DC66A6916384107001294B4 /* HeaderViewController.m */; };
		9DDD92D01604F74C00AADF44 /* MainViewController.m in Sources */ = {isa = PBXBuildFile; fileRef = 9DDD92CE1604F74C00AADF44 /* MainViewController.m */; };
		9DDD92D41604F7D800AADF44 /* StoryboardMain.storyboard in Resources */ = {isa = PBXBuildFile; fileRef = 9DDD92D31604F7D800AADF44 /* StoryboardMain.storyboard */; };
		9DDD92D61604FE3900AADF44 /* logo_trans.png in Resources */ = {isa = PBXBuildFile; fileRef = 9DDD92D51604FE3900AADF44 /* logo_trans.png */; };
		9DDD92DE1605068000AADF44 /* RecordViewController.m in Sources */ = {isa = PBXBuildFile; fileRef = 9DDD92DC1605068000AADF44 /* RecordViewController.m */; };
		9DDD92E3160508C600AADF44 /* holders_old.xml in Resources */ = {isa = PBXBuildFile; fileRef = 9DDD92E0160508C600AADF44 /* holders_old.xml */; };
		9DDD92E4160508C600AADF44 /* laws_old.xml in Resources */ = {isa = PBXBuildFile; fileRef = 9DDD92E1160508C600AADF44 /* laws_old.xml */; };
		9DDD92E5160508C600AADF44 /* seekers_old.xml in Resources */ = {isa = PBXBuildFile; fileRef = 9DDD92E2160508C600AADF44 /* seekers_old.xml */; };
		9DDD92E8160509C600AADF44 /* RecordCache.m in Sources */ = {isa = PBXBuildFile; fileRef = 9DDD92E7160509C600AADF44 /* RecordCache.m */; };
		9DDD92EB16050A8F00AADF44 /* Record.m in Sources */ = {isa = PBXBuildFile; fileRef = 9DDD92EA16050A8F00AADF44 /* Record.m */; };
		9DDD92EE160510B400AADF44 /* RecordParserDelegate.m in Sources */ = {isa = PBXBuildFile; fileRef = 9DDD92ED160510B400AADF44 /* RecordParserDelegate.m */; };
		9DDD92F31605151500AADF44 /* Section.m in Sources */ = {isa = PBXBuildFile; fileRef = 9DDD92F21605151500AADF44 /* Section.m */; };
		9DDD92F616051CEF00AADF44 /* Header.m in Sources */ = {isa = PBXBuildFile; fileRef = 9DDD92F516051CEF00AADF44 /* Header.m */; };
		9DDDAC69163ADB9E00A56DA3 /* Question.m in Sources */ = {isa = PBXBuildFile; fileRef = 9DDDAC68163ADB9E00A56DA3 /* Question.m */; };
/* End PBXBuildFile section */

/* Begin PBXContainerItemProxy section */
		9DC231861604F167009C5B34 /* PBXContainerItemProxy */ = {
			isa = PBXContainerItemProxy;
			containerPortal = 9DC2315D1604F167009C5B34 /* Project object */;
			proxyType = 1;
			remoteGlobalIDString = 9DC231651604F167009C5B34;
			remoteInfo = Sunshine;
		};
/* End PBXContainerItemProxy section */

/* Begin PBXFileReference section */
		9DBC3090164302F900F69154 /* style.css */ = {isa = PBXFileReference; fileEncoding = 4; lastKnownFileType = text.css; path = style.css; sourceTree = "<group>"; };
		9DBC309416430BB000F69154 /* seekers.xml */ = {isa = PBXFileReference; fileEncoding = 4; lastKnownFileType = text.xml; path = seekers.xml; sourceTree = "<group>"; };
		9DBC309516430BB000F69154 /* laws.xml */ = {isa = PBXFileReference; fileEncoding = 4; lastKnownFileType = text.xml; path = laws.xml; sourceTree = "<group>"; };
		9DBC309616430BB000F69154 /* holders.xml */ = {isa = PBXFileReference; fileEncoding = 4; lastKnownFileType = text.xml; path = holders.xml; sourceTree = "<group>"; };
		9DC231661604F167009C5B34 /* Sunshine.app */ = {isa = PBXFileReference; explicitFileType = wrapper.application; includeInIndex = 0; path = Sunshine.app; sourceTree = BUILT_PRODUCTS_DIR; };
		9DC2316A1604F167009C5B34 /* UIKit.framework */ = {isa = PBXFileReference; lastKnownFileType = wrapper.framework; name = UIKit.framework; path = System/Library/Frameworks/UIKit.framework; sourceTree = SDKROOT; };
		9DC2316C1604F167009C5B34 /* Foundation.framework */ = {isa = PBXFileReference; lastKnownFileType = wrapper.framework; name = Foundation.framework; path = System/Library/Frameworks/Foundation.framework; sourceTree = SDKROOT; };
		9DC2316E1604F167009C5B34 /* CoreGraphics.framework */ = {isa = PBXFileReference; lastKnownFileType = wrapper.framework; name = CoreGraphics.framework; path = System/Library/Frameworks/CoreGraphics.framework; sourceTree = SDKROOT; };
		9DC231721604F167009C5B34 /* Sunshine-Info.plist */ = {isa = PBXFileReference; lastKnownFileType = text.plist.xml; path = "Sunshine-Info.plist"; sourceTree = "<group>"; };
		9DC231741604F167009C5B34 /* en */ = {isa = PBXFileReference; lastKnownFileType = text.plist.strings; name = en; path = en.lproj/InfoPlist.strings; sourceTree = "<group>"; };
		9DC231761604F167009C5B34 /* main.m */ = {isa = PBXFileReference; lastKnownFileType = sourcecode.c.objc; path = main.m; sourceTree = "<group>"; };
		9DC231781604F167009C5B34 /* Sunshine-Prefix.pch */ = {isa = PBXFileReference; lastKnownFileType = sourcecode.c.h; path = "Sunshine-Prefix.pch"; sourceTree = "<group>"; };
		9DC231791604F167009C5B34 /* AppDelegate.h */ = {isa = PBXFileReference; lastKnownFileType = sourcecode.c.h; path = AppDelegate.h; sourceTree = "<group>"; };
		9DC2317A1604F167009C5B34 /* AppDelegate.m */ = {isa = PBXFileReference; lastKnownFileType = sourcecode.c.objc; path = AppDelegate.m; sourceTree = "<group>"; };
		9DC231811604F167009C5B34 /* SunshineTests.octest */ = {isa = PBXFileReference; explicitFileType = wrapper.cfbundle; includeInIndex = 0; path = SunshineTests.octest; sourceTree = BUILT_PRODUCTS_DIR; };
		9DC231821604F167009C5B34 /* SenTestingKit.framework */ = {isa = PBXFileReference; lastKnownFileType = wrapper.framework; name = SenTestingKit.framework; path = Library/Frameworks/SenTestingKit.framework; sourceTree = DEVELOPER_DIR; };
		9DC2318A1604F167009C5B34 /* SunshineTests-Info.plist */ = {isa = PBXFileReference; lastKnownFileType = text.plist.xml; path = "SunshineTests-Info.plist"; sourceTree = "<group>"; };
		9DC2318C1604F167009C5B34 /* en */ = {isa = PBXFileReference; lastKnownFileType = text.plist.strings; name = en; path = en.lproj/InfoPlist.strings; sourceTree = "<group>"; };
		9DC2318E1604F167009C5B34 /* SunshineTests.h */ = {isa = PBXFileReference; lastKnownFileType = sourcecode.c.h; path = SunshineTests.h; sourceTree = "<group>"; };
		9DC2318F1604F167009C5B34 /* SunshineTests.m */ = {isa = PBXFileReference; lastKnownFileType = sourcecode.c.objc; path = SunshineTests.m; sourceTree = "<group>"; };
		9DC2319D1604F345009C5B34 /* hours.txt */ = {isa = PBXFileReference; fileEncoding = 4; lastKnownFileType = text; path = hours.txt; sourceTree = "<group>"; };
		9DC66A5C16383418001294B4 /* TestViewController.h */ = {isa = PBXFileReference; fileEncoding = 4; lastKnownFileType = sourcecode.c.h; path = TestViewController.h; sourceTree = "<group>"; };
		9DC66A5D16383418001294B4 /* TestViewController.m */ = {isa = PBXFileReference; fileEncoding = 4; lastKnownFileType = sourcecode.c.objc; path = TestViewController.m; sourceTree = "<group>"; };
		9DC66A6816384107001294B4 /* HeaderViewController.h */ = {isa = PBXFileReference; fileEncoding = 4; lastKnownFileType = sourcecode.c.h; path = HeaderViewController.h; sourceTree = "<group>"; };
		9DC66A6916384107001294B4 /* HeaderViewController.m */ = {isa = PBXFileReference; fileEncoding = 4; lastKnownFileType = sourcecode.c.objc; path = HeaderViewController.m; sourceTree = "<group>"; };
		9DDD92CD1604F74C00AADF44 /* MainViewController.h */ = {isa = PBXFileReference; fileEncoding = 4; lastKnownFileType = sourcecode.c.h; path = MainViewController.h; sourceTree = "<group>"; };
		9DDD92CE1604F74C00AADF44 /* MainViewController.m */ = {isa = PBXFileReference; fileEncoding = 4; lastKnownFileType = sourcecode.c.objc; path = MainViewController.m; sourceTree = "<group>"; };
		9DDD92D31604F7D800AADF44 /* StoryboardMain.storyboard */ = {isa = PBXFileReference; fileEncoding = 4; lastKnownFileType = file.storyboard; path = StoryboardMain.storyboard; sourceTree = "<group>"; };
		9DDD92D51604FE3900AADF44 /* logo_trans.png */ = {isa = PBXFileReference; lastKnownFileType = image.png; path = logo_trans.png; sourceTree = "<group>"; };
		9DDD92DB1605068000AADF44 /* RecordViewController.h */ = {isa = PBXFileReference; fileEncoding = 4; lastKnownFileType = sourcecode.c.h; name = RecordViewController.h; path = ../RecordViewController.h; sourceTree = "<group>"; };
		9DDD92DC1605068000AADF44 /* RecordViewController.m */ = {isa = PBXFileReference; fileEncoding = 4; lastKnownFileType = sourcecode.c.objc; name = RecordViewController.m; path = ../RecordViewController.m; sourceTree = "<group>"; };
		9DDD92E0160508C600AADF44 /* holders_old.xml */ = {isa = PBXFileReference; fileEncoding = 4; lastKnownFileType = text.xml; path = holders_old.xml; sourceTree = "<group>"; };
		9DDD92E1160508C600AADF44 /* laws_old.xml */ = {isa = PBXFileReference; fileEncoding = 4; lastKnownFileType = text.xml; path = laws_old.xml; sourceTree = "<group>"; };
		9DDD92E2160508C600AADF44 /* seekers_old.xml */ = {isa = PBXFileReference; fileEncoding = 4; lastKnownFileType = text.xml; path = seekers_old.xml; sourceTree = "<group>"; };
		9DDD92E6160509C600AADF44 /* RecordCache.h */ = {isa = PBXFileReference; fileEncoding = 4; lastKnownFileType = sourcecode.c.h; path = RecordCache.h; sourceTree = "<group>"; };
		9DDD92E7160509C600AADF44 /* RecordCache.m */ = {isa = PBXFileReference; fileEncoding = 4; lastKnownFileType = sourcecode.c.objc; path = RecordCache.m; sourceTree = "<group>"; };
		9DDD92E916050A8F00AADF44 /* Record.h */ = {isa = PBXFileReference; fileEncoding = 4; lastKnownFileType = sourcecode.c.h; path = Record.h; sourceTree = "<group>"; };
		9DDD92EA16050A8F00AADF44 /* Record.m */ = {isa = PBXFileReference; fileEncoding = 4; lastKnownFileType = sourcecode.c.objc; path = Record.m; sourceTree = "<group>"; };
		9DDD92EC160510B400AADF44 /* RecordParserDelegate.h */ = {isa = PBXFileReference; fileEncoding = 4; lastKnownFileType = sourcecode.c.h; path = RecordParserDelegate.h; sourceTree = "<group>"; };
		9DDD92ED160510B400AADF44 /* RecordParserDelegate.m */ = {isa = PBXFileReference; fileEncoding = 4; lastKnownFileType = sourcecode.c.objc; path = RecordParserDelegate.m; sourceTree = "<group>"; };
		9DDD92F11605151500AADF44 /* Section.h */ = {isa = PBXFileReference; fileEncoding = 4; lastKnownFileType = sourcecode.c.h; path = Section.h; sourceTree = "<group>"; };
		9DDD92F21605151500AADF44 /* Section.m */ = {isa = PBXFileReference; fileEncoding = 4; lastKnownFileType = sourcecode.c.objc; path = Section.m; sourceTree = "<group>"; };
		9DDD92F416051CEF00AADF44 /* Header.h */ = {isa = PBXFileReference; fileEncoding = 4; lastKnownFileType = sourcecode.c.h; path = Header.h; sourceTree = "<group>"; };
		9DDD92F516051CEF00AADF44 /* Header.m */ = {isa = PBXFileReference; fileEncoding = 4; lastKnownFileType = sourcecode.c.objc; path = Header.m; sourceTree = "<group>"; };
		9DDDAC67163ADB9E00A56DA3 /* Question.h */ = {isa = PBXFileReference; fileEncoding = 4; lastKnownFileType = sourcecode.c.h; path = Question.h; sourceTree = "<group>"; };
		9DDDAC68163ADB9E00A56DA3 /* Question.m */ = {isa = PBXFileReference; fileEncoding = 4; lastKnownFileType = sourcecode.c.objc; path = Question.m; sourceTree = "<group>"; };
/* End PBXFileReference section */

/* Begin PBXFrameworksBuildPhase section */
		9DC231631604F167009C5B34 /* Frameworks */ = {
			isa = PBXFrameworksBuildPhase;
			buildActionMask = 2147483647;
			files = (
				9DC2316B1604F167009C5B34 /* UIKit.framework in Frameworks */,
				9DC2316D1604F167009C5B34 /* Foundation.framework in Frameworks */,
				9DC2316F1604F167009C5B34 /* CoreGraphics.framework in Frameworks */,
			);
			runOnlyForDeploymentPostprocessing = 0;
		};
		9DC2317D1604F167009C5B34 /* Frameworks */ = {
			isa = PBXFrameworksBuildPhase;
			buildActionMask = 2147483647;
			files = (
				9DC231831604F167009C5B34 /* SenTestingKit.framework in Frameworks */,
				9DC231841604F167009C5B34 /* UIKit.framework in Frameworks */,
				9DC231851604F167009C5B34 /* Foundation.framework in Frameworks */,
			);
			runOnlyForDeploymentPostprocessing = 0;
		};
/* End PBXFrameworksBuildPhase section */

/* Begin PBXGroup section */
		9DBC309316430AAE00F69154 /* old */ = {
			isa = PBXGroup;
			children = (
				9DDD92E0160508C600AADF44 /* holders_old.xml */,
				9DDD92E1160508C600AADF44 /* laws_old.xml */,
				9DDD92E2160508C600AADF44 /* seekers_old.xml */,
			);
			name = old;
			sourceTree = "<group>";
		};
		9DC2315B1604F167009C5B34 = {
			isa = PBXGroup;
			children = (
				9DC2319D1604F345009C5B34 /* hours.txt */,
				9DC231701604F167009C5B34 /* Sunshine */,
				9DC231881604F167009C5B34 /* SunshineTests */,
				9DC231691604F167009C5B34 /* Frameworks */,
				9DC231671604F167009C5B34 /* Products */,
			);
			sourceTree = "<group>";
		};
		9DC231671604F167009C5B34 /* Products */ = {
			isa = PBXGroup;
			children = (
				9DC231661604F167009C5B34 /* Sunshine.app */,
				9DC231811604F167009C5B34 /* SunshineTests.octest */,
			);
			name = Products;
			sourceTree = "<group>";
		};
		9DC231691604F167009C5B34 /* Frameworks */ = {
			isa = PBXGroup;
			children = (
				9DC2316A1604F167009C5B34 /* UIKit.framework */,
				9DC2316C1604F167009C5B34 /* Foundation.framework */,
				9DC2316E1604F167009C5B34 /* CoreGraphics.framework */,
				9DC231821604F167009C5B34 /* SenTestingKit.framework */,
			);
			name = Frameworks;
			sourceTree = "<group>";
		};
		9DC231701604F167009C5B34 /* Sunshine */ = {
			isa = PBXGroup;
			children = (
				9DDD92F0160514DE00AADF44 /* UI */,
				9DDD92EF160514CF00AADF44 /* Data */,
				9DC231711604F167009C5B34 /* Supporting Files */,
				9DDD92D71604FE3E00AADF44 /* Resources */,
			);
			path = Sunshine;
			sourceTree = "<group>";
		};
		9DC231711604F167009C5B34 /* Supporting Files */ = {
			isa = PBXGroup;
			children = (
				9DC231721604F167009C5B34 /* Sunshine-Info.plist */,
				9DC231731604F167009C5B34 /* InfoPlist.strings */,
				9DC231761604F167009C5B34 /* main.m */,
				9DC231781604F167009C5B34 /* Sunshine-Prefix.pch */,
			);
			name = "Supporting Files";
			sourceTree = "<group>";
		};
		9DC231881604F167009C5B34 /* SunshineTests */ = {
			isa = PBXGroup;
			children = (
				9DC2318E1604F167009C5B34 /* SunshineTests.h */,
				9DC2318F1604F167009C5B34 /* SunshineTests.m */,
				9DC231891604F167009C5B34 /* Supporting Files */,
			);
			path = SunshineTests;
			sourceTree = "<group>";
		};
		9DC231891604F167009C5B34 /* Supporting Files */ = {
			isa = PBXGroup;
			children = (
				9DC2318A1604F167009C5B34 /* SunshineTests-Info.plist */,
				9DC2318B1604F167009C5B34 /* InfoPlist.strings */,
			);
			name = "Supporting Files";
			sourceTree = "<group>";
		};
		9DDD92D71604FE3E00AADF44 /* Resources */ = {
			isa = PBXGroup;
			children = (
				9DBC309416430BB000F69154 /* seekers.xml */,
				9DBC309516430BB000F69154 /* laws.xml */,
				9DBC309616430BB000F69154 /* holders.xml */,
				9DBC309316430AAE00F69154 /* old */,
				9DBC3090164302F900F69154 /* style.css */,
				9DDD92D51604FE3900AADF44 /* logo_trans.png */,
			);
			name = Resources;
			path = ..;
			sourceTree = "<group>";
		};
		9DDD92EF160514CF00AADF44 /* Data */ = {
			isa = PBXGroup;
			children = (
				9DDD92E6160509C600AADF44 /* RecordCache.h */,
				9DDD92E7160509C600AADF44 /* RecordCache.m */,
				9DDD92EC160510B400AADF44 /* RecordParserDelegate.h */,
				9DDD92ED160510B400AADF44 /* RecordParserDelegate.m */,
				9DDD92E916050A8F00AADF44 /* Record.h */,
				9DDD92EA16050A8F00AADF44 /* Record.m */,
				9DDD92F11605151500AADF44 /* Section.h */,
				9DDD92F21605151500AADF44 /* Section.m */,
				9DDD92F416051CEF00AADF44 /* Header.h */,
				9DDD92F516051CEF00AADF44 /* Header.m */,
				9DDDAC67163ADB9E00A56DA3 /* Question.h */,
				9DDDAC68163ADB9E00A56DA3 /* Question.m */,
			);
			name = Data;
			sourceTree = "<group>";
		};
		9DDD92F0160514DE00AADF44 /* UI */ = {
			isa = PBXGroup;
			children = (
				9DC231791604F167009C5B34 /* AppDelegate.h */,
				9DC2317A1604F167009C5B34 /* AppDelegate.m */,
				9DDD92DB1605068000AADF44 /* RecordViewController.h */,
				9DDD92DC1605068000AADF44 /* RecordViewController.m */,
				9DC66A6816384107001294B4 /* HeaderViewController.h */,
				9DC66A6916384107001294B4 /* HeaderViewController.m */,
				9DDD92CD1604F74C00AADF44 /* MainViewController.h */,
				9DDD92CE1604F74C00AADF44 /* MainViewController.m */,
				9DDD92D31604F7D800AADF44 /* StoryboardMain.storyboard */,
				9DC66A5C16383418001294B4 /* TestViewController.h */,
				9DC66A5D16383418001294B4 /* TestViewController.m */,
			);
			name = UI;
			sourceTree = "<group>";
		};
/* End PBXGroup section */

/* Begin PBXNativeTarget section */
		9DC231651604F167009C5B34 /* Sunshine */ = {
			isa = PBXNativeTarget;
			buildConfigurationList = 9DC231931604F167009C5B34 /* Build configuration list for PBXNativeTarget "Sunshine" */;
			buildPhases = (
				9DC231621604F167009C5B34 /* Sources */,
				9DC231631604F167009C5B34 /* Frameworks */,
				9DC231641604F167009C5B34 /* Resources */,
			);
			buildRules = (
			);
			dependencies = (
			);
			name = Sunshine;
			productName = Sunshine;
			productReference = 9DC231661604F167009C5B34 /* Sunshine.app */;
			productType = "com.apple.product-type.application";
		};
		9DC231801604F167009C5B34 /* SunshineTests */ = {
			isa = PBXNativeTarget;
			buildConfigurationList = 9DC231961604F167009C5B34 /* Build configuration list for PBXNativeTarget "SunshineTests" */;
			buildPhases = (
				9DC2317C1604F167009C5B34 /* Sources */,
				9DC2317D1604F167009C5B34 /* Frameworks */,
				9DC2317E1604F167009C5B34 /* Resources */,
				9DC2317F1604F167009C5B34 /* ShellScript */,
			);
			buildRules = (
			);
			dependencies = (
				9DC231871604F167009C5B34 /* PBXTargetDependency */,
			);
			name = SunshineTests;
			productName = SunshineTests;
			productReference = 9DC231811604F167009C5B34 /* SunshineTests.octest */;
			productType = "com.apple.product-type.bundle";
		};
/* End PBXNativeTarget section */

/* Begin PBXProject section */
		9DC2315D1604F167009C5B34 /* Project object */ = {
			isa = PBXProject;
			attributes = {
				LastUpgradeCheck = 0440;
				ORGANIZATIONNAME = "Sunshine Center or NC";
			};
			buildConfigurationList = 9DC231601604F167009C5B34 /* Build configuration list for PBXProject "Sunshine" */;
			compatibilityVersion = "Xcode 3.2";
			developmentRegion = English;
			hasScannedForEncodings = 0;
			knownRegions = (
				en,
			);
			mainGroup = 9DC2315B1604F167009C5B34;
			productRefGroup = 9DC231671604F167009C5B34 /* Products */;
			projectDirPath = "";
			projectRoot = "";
			targets = (
				9DC231651604F167009C5B34 /* Sunshine */,
				9DC231801604F167009C5B34 /* SunshineTests */,
			);
		};
/* End PBXProject section */

/* Begin PBXResourcesBuildPhase section */
		9DC231641604F167009C5B34 /* Resources */ = {
			isa = PBXResourcesBuildPhase;
			buildActionMask = 2147483647;
			files = (
				9DC231751604F167009C5B34 /* InfoPlist.strings in Resources */,
				9DC2319E1604F345009C5B34 /* hours.txt in Resources */,
				9DDD92D41604F7D800AADF44 /* StoryboardMain.storyboard in Resources */,
				9DDD92D61604FE3900AADF44 /* logo_trans.png in Resources */,
				9DDD92E3160508C600AADF44 /* holders_old.xml in Resources */,
				9DDD92E4160508C600AADF44 /* laws_old.xml in Resources */,
				9DDD92E5160508C600AADF44 /* seekers_old.xml in Resources */,
				9DBC3091164302F900F69154 /* style.css in Resources */,
				9DBC309716430BB000F69154 /* seekers.xml in Resources */,
				9DBC309816430BB000F69154 /* laws.xml in Resources */,
				9DBC309916430BB000F69154 /* holders.xml in Resources */,
			);
			runOnlyForDeploymentPostprocessing = 0;
		};
		9DC2317E1604F167009C5B34 /* Resources */ = {
			isa = PBXResourcesBuildPhase;
			buildActionMask = 2147483647;
			files = (
				9DC2318D1604F167009C5B34 /* InfoPlist.strings in Resources */,
			);
			runOnlyForDeploymentPostprocessing = 0;
		};
/* End PBXResourcesBuildPhase section */

/* Begin PBXShellScriptBuildPhase section */
		9DC2317F1604F167009C5B34 /* ShellScript */ = {
			isa = PBXShellScriptBuildPhase;
			buildActionMask = 2147483647;
			files = (
			);
			inputPaths = (
			);
			outputPaths = (
			);
			runOnlyForDeploymentPostprocessing = 0;
			shellPath = /bin/sh;
			shellScript = "# Run the unit tests in this test bundle.\n\"${SYSTEM_DEVELOPER_DIR}/Tools/RunUnitTests\"\n";
		};
/* End PBXShellScriptBuildPhase section */

/* Begin PBXSourcesBuildPhase section */
		9DC231621604F167009C5B34 /* Sources */ = {
			isa = PBXSourcesBuildPhase;
			buildActionMask = 2147483647;
			files = (
				9DC231771604F167009C5B34 /* main.m in Sources */,
				9DC2317B1604F167009C5B34 /* AppDelegate.m in Sources */,
				9DDD92D01604F74C00AADF44 /* MainViewController.m in Sources */,
				9DDD92DE1605068000AADF44 /* RecordViewController.m in Sources */,
				9DDD92E8160509C600AADF44 /* RecordCache.m in Sources */,
				9DDD92EB16050A8F00AADF44 /* Record.m in Sources */,
				9DDD92EE160510B400AADF44 /* RecordParserDelegate.m in Sources */,
				9DDD92F31605151500AADF44 /* Section.m in Sources */,
				9DDD92F616051CEF00AADF44 /* Header.m in Sources */,
				9DC66A5E16383418001294B4 /* TestViewController.m in Sources */,
				9DC66A6A16384107001294B4 /* HeaderViewController.m in Sources */,
				9DDDAC69163ADB9E00A56DA3 /* Question.m in Sources */,
			);
			runOnlyForDeploymentPostprocessing = 0;
		};
		9DC2317C1604F167009C5B34 /* Sources */ = {
			isa = PBXSourcesBuildPhase;
			buildActionMask = 2147483647;
			files = (
				9DC231901604F167009C5B34 /* SunshineTests.m in Sources */,
			);
			runOnlyForDeploymentPostprocessing = 0;
		};
/* End PBXSourcesBuildPhase section */

/* Begin PBXTargetDependency section */
		9DC231871604F167009C5B34 /* PBXTargetDependency */ = {
			isa = PBXTargetDependency;
			target = 9DC231651604F167009C5B34 /* Sunshine */;
			targetProxy = 9DC231861604F167009C5B34 /* PBXContainerItemProxy */;
		};
/* End PBXTargetDependency section */

/* Begin PBXVariantGroup section */
		9DC231731604F167009C5B34 /* InfoPlist.strings */ = {
			isa = PBXVariantGroup;
			children = (
				9DC231741604F167009C5B34 /* en */,
			);
			name = InfoPlist.strings;
			sourceTree = "<group>";
		};
		9DC2318B1604F167009C5B34 /* InfoPlist.strings */ = {
			isa = PBXVariantGroup;
			children = (
				9DC2318C1604F167009C5B34 /* en */,
			);
			name = InfoPlist.strings;
			sourceTree = "<group>";
		};
/* End PBXVariantGroup section */

/* Begin XCBuildConfiguration section */
		9DC231911604F167009C5B34 /* Debug */ = {
			isa = XCBuildConfiguration;
			buildSettings = {
				ALWAYS_SEARCH_USER_PATHS = NO;
				ARCHS = "$(ARCHS_STANDARD_32_BIT)";
				CLANG_CXX_LANGUAGE_STANDARD = "gnu++0x";
				CLANG_ENABLE_OBJC_ARC = YES;
				CLANG_WARN__DUPLICATE_METHOD_MATCH = YES;
				"CODE_SIGN_IDENTITY[sdk=iphoneos*]" = "iPhone Developer";
				COPY_PHASE_STRIP = NO;
				GCC_C_LANGUAGE_STANDARD = gnu99;
				GCC_DYNAMIC_NO_PIC = NO;
				GCC_OPTIMIZATION_LEVEL = 0;
				GCC_PREPROCESSOR_DEFINITIONS = (
					"DEBUG=1",
					"$(inherited)",
				);
				GCC_SYMBOLS_PRIVATE_EXTERN = NO;
				GCC_VERSION = com.apple.compilers.llvm.clang.1_0;
				GCC_WARN_ABOUT_RETURN_TYPE = YES;
				GCC_WARN_UNINITIALIZED_AUTOS = YES;
				GCC_WARN_UNUSED_VARIABLE = YES;
				IPHONEOS_DEPLOYMENT_TARGET = 5.1;
				SDKROOT = iphoneos;
				TARGETED_DEVICE_FAMILY = "1,2";
			};
			name = Debug;
		};
		9DC231921604F167009C5B34 /* Release */ = {
			isa = XCBuildConfiguration;
			buildSettings = {
				ALWAYS_SEARCH_USER_PATHS = NO;
				ARCHS = "$(ARCHS_STANDARD_32_BIT)";
				CLANG_CXX_LANGUAGE_STANDARD = "gnu++0x";
				CLANG_ENABLE_OBJC_ARC = YES;
				CLANG_WARN__DUPLICATE_METHOD_MATCH = YES;
				"CODE_SIGN_IDENTITY[sdk=iphoneos*]" = "iPhone Developer";
				COPY_PHASE_STRIP = YES;
				GCC_C_LANGUAGE_STANDARD = gnu99;
				GCC_VERSION = com.apple.compilers.llvm.clang.1_0;
				GCC_WARN_ABOUT_RETURN_TYPE = YES;
				GCC_WARN_UNINITIALIZED_AUTOS = YES;
				GCC_WARN_UNUSED_VARIABLE = YES;
				IPHONEOS_DEPLOYMENT_TARGET = 5.1;
				OTHER_CFLAGS = "-DNS_BLOCK_ASSERTIONS=1";
				SDKROOT = iphoneos;
				TARGETED_DEVICE_FAMILY = "1,2";
				VALIDATE_PRODUCT = YES;
			};
			name = Release;
		};
		9DC231941604F167009C5B34 /* Debug */ = {
			isa = XCBuildConfiguration;
			buildSettings = {
				GCC_PRECOMPILE_PREFIX_HEADER = YES;
				GCC_PREFIX_HEADER = "Sunshine/Sunshine-Prefix.pch";
				INFOPLIST_FILE = "Sunshine/Sunshine-Info.plist";
				PRODUCT_NAME = "$(TARGET_NAME)";
				WRAPPER_EXTENSION = app;
			};
			name = Debug;
		};
		9DC231951604F167009C5B34 /* Release */ = {
			isa = XCBuildConfiguration;
			buildSettings = {
				GCC_PRECOMPILE_PREFIX_HEADER = YES;
				GCC_PREFIX_HEADER = "Sunshine/Sunshine-Prefix.pch";
				INFOPLIST_FILE = "Sunshine/Sunshine-Info.plist";
				PRODUCT_NAME = "$(TARGET_NAME)";
				WRAPPER_EXTENSION = app;
			};
			name = Release;
		};
		9DC231971604F167009C5B34 /* Debug */ = {
			isa = XCBuildConfiguration;
			buildSettings = {
				BUNDLE_LOADER = "$(BUILT_PRODUCTS_DIR)/Sunshine.app/Sunshine";
				FRAMEWORK_SEARCH_PATHS = (
					"\"$(SDKROOT)/Developer/Library/Frameworks\"",
					"\"$(DEVELOPER_LIBRARY_DIR)/Frameworks\"",
				);
				GCC_PRECOMPILE_PREFIX_HEADER = YES;
				GCC_PREFIX_HEADER = "Sunshine/Sunshine-Prefix.pch";
				INFOPLIST_FILE = "SunshineTests/SunshineTests-Info.plist";
				PRODUCT_NAME = "$(TARGET_NAME)";
				TEST_HOST = "$(BUNDLE_LOADER)";
				WRAPPER_EXTENSION = octest;
			};
			name = Debug;
		};
		9DC231981604F167009C5B34 /* Release */ = {
			isa = XCBuildConfiguration;
			buildSettings = {
				BUNDLE_LOADER = "$(BUILT_PRODUCTS_DIR)/Sunshine.app/Sunshine";
				FRAMEWORK_SEARCH_PATHS = (
					"\"$(SDKROOT)/Developer/Library/Frameworks\"",
					"\"$(DEVELOPER_LIBRARY_DIR)/Frameworks\"",
				);
				GCC_PRECOMPILE_PREFIX_HEADER = YES;
				GCC_PREFIX_HEADER = "Sunshine/Sunshine-Prefix.pch";
				INFOPLIST_FILE = "SunshineTests/SunshineTests-Info.plist";
				PRODUCT_NAME = "$(TARGET_NAME)";
				TEST_HOST = "$(BUNDLE_LOADER)";
				WRAPPER_EXTENSION = octest;
			};
			name = Release;
		};
/* End XCBuildConfiguration section */

/* Begin XCConfigurationList section */
		9DC231601604F167009C5B34 /* Build configuration list for PBXProject "Sunshine" */ = {
			isa = XCConfigurationList;
			buildConfigurations = (
				9DC231911604F167009C5B34 /* Debug */,
				9DC231921604F167009C5B34 /* Release */,
			);
			defaultConfigurationIsVisible = 0;
			defaultConfigurationName = Release;
		};
		9DC231931604F167009C5B34 /* Build configuration list for PBXNativeTarget "Sunshine" */ = {
			isa = XCConfigurationList;
			buildConfigurations = (
				9DC231941604F167009C5B34 /* Debug */,
				9DC231951604F167009C5B34 /* Release */,
			);
			defaultConfigurationIsVisible = 0;
			defaultConfigurationName = Release;
		};
		9DC231961604F167009C5B34 /* Build configuration list for PBXNativeTarget "SunshineTests" */ = {
			isa = XCConfigurationList;
			buildConfigurations = (
				9DC231971604F167009C5B34 /* Debug */,
				9DC231981604F167009C5B34 /* Release */,
			);
			defaultConfigurationIsVisible = 0;
			defaultConfigurationName = Release;
		};
/* End XCConfigurationList section */
	};
	rootObject = 9DC2315D1604F167009C5B34 /* Project object */;
}
